
Microsoft Visual Studio Solution File, Format Version 12.00
# Visual Studio 15
VisualStudioVersion = 15.0.28010.2046
MinimumVisualStudioVersion = 10.0.40219.1
Project("{9A19103F-16F7-4668-BE54-9A1E7A4F7556}") = "ServiceManagerWeb", "ServiceManagerWeb\ServiceManagerWeb.csproj", "{028F87D0-2ECF-496E-B997-85F6D54AC021}"
EndProject
Project("{9A19103F-16F7-4668-BE54-9A1E7A4F7556}") = "ServiceManagerWeb.DataAccess", "DataAccess\ServiceManagerWeb.DataAccess.csproj", "{FFA12031-D6C9-4F8F-AC8F-3C19F0F1212A}"
EndProject
Project("{9A19103F-16F7-4668-BE54-9A1E7A4F7556}") = "ServiceManagerWeb.BusinessLogic", "ServiceManager.BusinessLogic\ServiceManagerWeb.BusinessLogic.csproj", "{E1B1576B-33D2-4F92-BAA5-29C07B6B6AF0}"
EndProject
Global
	GlobalSection(SolutionConfigurationPlatforms) = preSolution
		Debug|Any CPU = Debug|Any CPU
		Release|Any CPU = Release|Any CPU
	EndGlobalSection
	GlobalSection(ProjectConfigurationPlatforms) = postSolution
		{028F87D0-2ECF-496E-B997-85F6D54AC021}.Debug|Any CPU.ActiveCfg = Debug|Any CPU
		{028F87D0-2ECF-496E-B997-85F6D54AC021}.Debug|Any CPU.Build.0 = Debug|Any CPU
		{028F87D0-2ECF-496E-B997-85F6D54AC021}.Release|Any CPU.ActiveCfg = Release|Any CPU
		{028F87D0-2ECF-496E-B997-85F6D54AC021}.Release|Any CPU.Build.0 = Release|Any CPU
		{FFA12031-D6C9-4F8F-AC8F-3C19F0F1212A}.Debug|Any CPU.ActiveCfg = Debug|Any CPU
		{FFA12031-D6C9-4F8F-AC8F-3C19F0F1212A}.Debug|Any CPU.Build.0 = Debug|Any CPU
		{FFA12031-D6C9-4F8F-AC8F-3C19F0F1212A}.Release|Any CPU.ActiveCfg = Release|Any CPU
		{FFA12031-D6C9-4F8F-AC8F-3C19F0F1212A}.Release|Any CPU.Build.0 = Release|Any CPU
		{E1B1576B-33D2-4F92-BAA5-29C07B6B6AF0}.Debug|Any CPU.ActiveCfg = Debug|Any CPU
		{E1B1576B-33D2-4F92-BAA5-29C07B6B6AF0}.Debug|Any CPU.Build.0 = Debug|Any CPU
		{E1B1576B-33D2-4F92-BAA5-29C07B6B6AF0}.Release|Any CPU.ActiveCfg = Release|Any CPU
		{E1B1576B-33D2-4F92-BAA5-29C07B6B6AF0}.Release|Any CPU.Build.0 = Release|Any CPU
	EndGlobalSection
	GlobalSection(SolutionProperties) = preSolution
		HideSolutionNode = FALSE
	EndGlobalSection
	GlobalSection(ExtensibilityGlobals) = postSolution
		SolutionGuid = {0E40C12E-BE45-4117-A642-FBACECBEDF7F}
	EndGlobalSection
EndGlobal
